
Microsoft Visual Studio Solution File, Format Version 12.00
# Visual Studio Version 17
VisualStudioVersion = 17.2.32616.157
MinimumVisualStudioVersion = 10.0.40219.1
Project("{2150E333-8FDC-42A3-9474-1A3956D46DE8}") = "Microservices", "Microservices", "{F5CA02FE-1BF2-435E-8BB4-D8E904C7C889}"
EndProject
Project("{2150E333-8FDC-42A3-9474-1A3956D46DE8}") = "Domain", "Domain", "{EB079821-4AEE-430F-8D23-8F027F79B404}"
EndProject
Project("{2150E333-8FDC-42A3-9474-1A3956D46DE8}") = "Infra.Bus", "Infra.Bus", "{0D35EBFE-3E42-4CAC-A62D-8CACDB25A2CE}"
EndProject
Project("{2150E333-8FDC-42A3-9474-1A3956D46DE8}") = "Infra.IoC", "Infra.IoC", "{F755E02E-16AB-4D94-A318-CEFCC55F4868}"
EndProject
Project("{2150E333-8FDC-42A3-9474-1A3956D46DE8}") = "Presentation", "Presentation", "{2B17B7DD-1824-4C74-A586-C1B467968C0C}"
EndProject
Project("{9A19103F-16F7-4668-BE54-9A1E7A4F7556}") = "MicroRabbit.Domain.Core", "MicroRabbit.Domain.Core\MicroRabbit.Domain.Core.csproj", "{452CB3CA-2DCA-419C-8BC2-6FD50C4CFDBA}"
EndProject
Project("{FAE04EC0-301F-11D3-BF4B-00C04F79EFBC}") = "MicroRabbit.Infra.Bus", "MicroRabbit.Infra.Bus\MicroRabbit.Infra.Bus.csproj", "{0E4DFBF5-400C-498C-A5E4-8B726318E668}"
EndProject
Project("{FAE04EC0-301F-11D3-BF4B-00C04F79EFBC}") = "MicroRabbit.Infra.IoC", "MicroRabbit.Infra.IoC\MicroRabbit.Infra.IoC.csproj", "{96F77219-A31E-42A5-98BF-259BCED8FE90}"
EndProject
Project("{2150E333-8FDC-42A3-9474-1A3956D46DE8}") = "Banking", "Banking", "{EE9C17F2-F56C-4759-8FAB-9FD0897C70F2}"
EndProject
Project("{2150E333-8FDC-42A3-9474-1A3956D46DE8}") = "Api", "Api", "{B9B2FDC1-E27B-4A55-B75F-216B8900364E}"
EndProject
Project("{2150E333-8FDC-42A3-9474-1A3956D46DE8}") = "Domain", "Domain", "{1348D862-5690-4F50-8E0F-4FDB7F117776}"
EndProject
Project("{2150E333-8FDC-42A3-9474-1A3956D46DE8}") = "Application", "Application", "{C5AAA391-0E02-494B-BEBC-BC7DFED3C993}"
EndProject
Project("{2150E333-8FDC-42A3-9474-1A3956D46DE8}") = "Data", "Data", "{C21A402C-EFF5-4E61-9C26-2264A35B3675}"
EndProject
Project("{FAE04EC0-301F-11D3-BF4B-00C04F79EFBC}") = "MicroRabbit.Banking.Application", "MicroRabbit.Banking.Application\MicroRabbit.Banking.Application.csproj", "{B9E33FDD-7683-423C-8DCC-90B22CEAAABB}"
EndProject
Project("{FAE04EC0-301F-11D3-BF4B-00C04F79EFBC}") = "MicroRabbit.Banking.Data", "MicroRabbit.Banking.Data\MicroRabbit.Banking.Data.csproj", "{03DB2E51-AF84-4C35-8141-2DD11A90B2AB}"
EndProject
Project("{FAE04EC0-301F-11D3-BF4B-00C04F79EFBC}") = "MicroRabbit.Banking.Domain", "MicroRabbit.Banking.Domain\MicroRabbit.Banking.Domain.csproj", "{2876C864-28C6-40F0-861A-49E045C87B3A}"
EndProject
Project("{FAE04EC0-301F-11D3-BF4B-00C04F79EFBC}") = "MicroRabbit.Banking.Api", "MicroRabbit.Banking.Api\MicroRabbit.Banking.Api.csproj", "{C73D6736-A8EB-4293-B717-E573A5668227}"
EndProject
Global
	GlobalSection(SolutionConfigurationPlatforms) = preSolution
		Debug|Any CPU = Debug|Any CPU
		Release|Any CPU = Release|Any CPU
	EndGlobalSection
	GlobalSection(ProjectConfigurationPlatforms) = postSolution
		{452CB3CA-2DCA-419C-8BC2-6FD50C4CFDBA}.Debug|Any CPU.ActiveCfg = Debug|Any CPU
		{452CB3CA-2DCA-419C-8BC2-6FD50C4CFDBA}.Debug|Any CPU.Build.0 = Debug|Any CPU
		{452CB3CA-2DCA-419C-8BC2-6FD50C4CFDBA}.Release|Any CPU.ActiveCfg = Release|Any CPU
		{452CB3CA-2DCA-419C-8BC2-6FD50C4CFDBA}.Release|Any CPU.Build.0 = Release|Any CPU
		{0E4DFBF5-400C-498C-A5E4-8B726318E668}.Debug|Any CPU.ActiveCfg = Debug|Any CPU
		{0E4DFBF5-400C-498C-A5E4-8B726318E668}.Debug|Any CPU.Build.0 = Debug|Any CPU
		{0E4DFBF5-400C-498C-A5E4-8B726318E668}.Release|Any CPU.ActiveCfg = Release|Any CPU
		{0E4DFBF5-400C-498C-A5E4-8B726318E668}.Release|Any CPU.Build.0 = Release|Any CPU
		{96F77219-A31E-42A5-98BF-259BCED8FE90}.Debug|Any CPU.ActiveCfg = Debug|Any CPU
		{96F77219-A31E-42A5-98BF-259BCED8FE90}.Debug|Any CPU.Build.0 = Debug|Any CPU
		{96F77219-A31E-42A5-98BF-259BCED8FE90}.Release|Any CPU.ActiveCfg = Release|Any CPU
		{96F77219-A31E-42A5-98BF-259BCED8FE90}.Release|Any CPU.Build.0 = Release|Any CPU
		{B9E33FDD-7683-423C-8DCC-90B22CEAAABB}.Debug|Any CPU.ActiveCfg = Debug|Any CPU
		{B9E33FDD-7683-423C-8DCC-90B22CEAAABB}.Debug|Any CPU.Build.0 = Debug|Any CPU
		{B9E33FDD-7683-423C-8DCC-90B22CEAAABB}.Release|Any CPU.ActiveCfg = Release|Any CPU
		{B9E33FDD-7683-423C-8DCC-90B22CEAAABB}.Release|Any CPU.Build.0 = Release|Any CPU
		{03DB2E51-AF84-4C35-8141-2DD11A90B2AB}.Debug|Any CPU.ActiveCfg = Debug|Any CPU
		{03DB2E51-AF84-4C35-8141-2DD11A90B2AB}.Debug|Any CPU.Build.0 = Debug|Any CPU
		{03DB2E51-AF84-4C35-8141-2DD11A90B2AB}.Release|Any CPU.ActiveCfg = Release|Any CPU
		{03DB2E51-AF84-4C35-8141-2DD11A90B2AB}.Release|Any CPU.Build.0 = Release|Any CPU
		{2876C864-28C6-40F0-861A-49E045C87B3A}.Debug|Any CPU.ActiveCfg = Debug|Any CPU
		{2876C864-28C6-40F0-861A-49E045C87B3A}.Debug|Any CPU.Build.0 = Debug|Any CPU
		{2876C864-28C6-40F0-861A-49E045C87B3A}.Release|Any CPU.ActiveCfg = Release|Any CPU
		{2876C864-28C6-40F0-861A-49E045C87B3A}.Release|Any CPU.Build.0 = Release|Any CPU
		{C73D6736-A8EB-4293-B717-E573A5668227}.Debug|Any CPU.ActiveCfg = Debug|Any CPU
		{C73D6736-A8EB-4293-B717-E573A5668227}.Debug|Any CPU.Build.0 = Debug|Any CPU
		{C73D6736-A8EB-4293-B717-E573A5668227}.Release|Any CPU.ActiveCfg = Release|Any CPU
		{C73D6736-A8EB-4293-B717-E573A5668227}.Release|Any CPU.Build.0 = Release|Any CPU
	EndGlobalSection
	GlobalSection(SolutionProperties) = preSolution
		HideSolutionNode = FALSE
	EndGlobalSection
	GlobalSection(NestedProjects) = preSolution
		{452CB3CA-2DCA-419C-8BC2-6FD50C4CFDBA} = {EB079821-4AEE-430F-8D23-8F027F79B404}
		{0E4DFBF5-400C-498C-A5E4-8B726318E668} = {0D35EBFE-3E42-4CAC-A62D-8CACDB25A2CE}
		{96F77219-A31E-42A5-98BF-259BCED8FE90} = {F755E02E-16AB-4D94-A318-CEFCC55F4868}
		{EE9C17F2-F56C-4759-8FAB-9FD0897C70F2} = {F5CA02FE-1BF2-435E-8BB4-D8E904C7C889}
		{B9B2FDC1-E27B-4A55-B75F-216B8900364E} = {EE9C17F2-F56C-4759-8FAB-9FD0897C70F2}
		{1348D862-5690-4F50-8E0F-4FDB7F117776} = {EE9C17F2-F56C-4759-8FAB-9FD0897C70F2}
		{C5AAA391-0E02-494B-BEBC-BC7DFED3C993} = {EE9C17F2-F56C-4759-8FAB-9FD0897C70F2}
		{C21A402C-EFF5-4E61-9C26-2264A35B3675} = {EE9C17F2-F56C-4759-8FAB-9FD0897C70F2}
		{B9E33FDD-7683-423C-8DCC-90B22CEAAABB} = {C5AAA391-0E02-494B-BEBC-BC7DFED3C993}
		{03DB2E51-AF84-4C35-8141-2DD11A90B2AB} = {C21A402C-EFF5-4E61-9C26-2264A35B3675}
		{2876C864-28C6-40F0-861A-49E045C87B3A} = {1348D862-5690-4F50-8E0F-4FDB7F117776}
		{C73D6736-A8EB-4293-B717-E573A5668227} = {B9B2FDC1-E27B-4A55-B75F-216B8900364E}
	EndGlobalSection
	GlobalSection(ExtensibilityGlobals) = postSolution
		SolutionGuid = {3DA81F14-1B28-4354-A9F9-A12ED39E3701}
	EndGlobalSection
EndGlobal
